
Microsoft Visual Studio Solution File, Format Version 12.00
# Visual Studio Version 16
VisualStudioVersion = 16.0.29306.81
MinimumVisualStudioVersion = 10.0.40219.1
Project("{FAE04EC0-301F-11D3-BF4B-00C04F79EFBC}") = "ScoreManager", "ScoreManager\ScoreManager.csproj", "{FFE91752-8874-4B48-ADCE-3F895406AF31}"
EndProject
Global
	GlobalSection(SolutionConfigurationPlatforms) = preSolution
		Debug|Any CPU = Debug|Any CPU
		Release|Any CPU = Release|Any CPU
	EndGlobalSection
	GlobalSection(ProjectConfigurationPlatforms) = postSolution
		{FFE91752-8874-4B48-ADCE-3F895406AF31}.Debug|Any CPU.ActiveCfg = Debug|Any CPU
		{FFE91752-8874-4B48-ADCE-3F895406AF31}.Debug|Any CPU.Build.0 = Debug|Any CPU
		{FFE91752-8874-4B48-ADCE-3F895406AF31}.Release|Any CPU.ActiveCfg = Release|Any CPU
		{FFE91752-8874-4B48-ADCE-3F895406AF31}.Release|Any CPU.Build.0 = Release|Any CPU
	EndGlobalSection
	GlobalSection(SolutionProperties) = preSolution
		HideSolutionNode = FALSE
	EndGlobalSection
	GlobalSection(ExtensibilityGlobals) = postSolution
		SolutionGuid = {CB078911-BDF0-4188-86A2-F6A4B189CF78}
	EndGlobalSection
EndGlobal
